
Microsoft Visual Studio Solution File, Format Version 12.00
# Visual Studio Version 16
VisualStudioVersion = 16.0.31205.134
MinimumVisualStudioVersion = 10.0.40219.1
Project("{FAE04EC0-301F-11D3-BF4B-00C04F79EFBC}") = "TP02-EDD2", "TP02-EDD2\TP02-EDD2.csproj", "{860248DA-DAF2-42DB-ADB3-22EC3EFC37D1}"
EndProject
Global
	GlobalSection(SolutionConfigurationPlatforms) = preSolution
		Debug|Any CPU = Debug|Any CPU
		Release|Any CPU = Release|Any CPU
	EndGlobalSection
	GlobalSection(ProjectConfigurationPlatforms) = postSolution
		{860248DA-DAF2-42DB-ADB3-22EC3EFC37D1}.Debug|Any CPU.ActiveCfg = Debug|Any CPU
		{860248DA-DAF2-42DB-ADB3-22EC3EFC37D1}.Debug|Any CPU.Build.0 = Debug|Any CPU
		{860248DA-DAF2-42DB-ADB3-22EC3EFC37D1}.Release|Any CPU.ActiveCfg = Release|Any CPU
		{860248DA-DAF2-42DB-ADB3-22EC3EFC37D1}.Release|Any CPU.Build.0 = Release|Any CPU
	EndGlobalSection
	GlobalSection(SolutionProperties) = preSolution
		HideSolutionNode = FALSE
	EndGlobalSection
	GlobalSection(ExtensibilityGlobals) = postSolution
		SolutionGuid = {CA8852F4-882E-4542-BD80-F3D74742CB28}
	EndGlobalSection
EndGlobal
