
Microsoft Visual Studio Solution File, Format Version 12.00
# Visual Studio Version 17
VisualStudioVersion = 17.3.32901.215
MinimumVisualStudioVersion = 10.0.40219.1
Project("{FAE04EC0-301F-11D3-BF4B-00C04F79EFBC}") = "TP_04_ED2", "TP_04_ED2\TP_04_ED2.csproj", "{7C6DED4B-3F80-48E6-B879-DE1B09822803}"
EndProject
Global
	GlobalSection(SolutionConfigurationPlatforms) = preSolution
		Debug|Any CPU = Debug|Any CPU
		Release|Any CPU = Release|Any CPU
	EndGlobalSection
	GlobalSection(ProjectConfigurationPlatforms) = postSolution
		{7C6DED4B-3F80-48E6-B879-DE1B09822803}.Debug|Any CPU.ActiveCfg = Debug|Any CPU
		{7C6DED4B-3F80-48E6-B879-DE1B09822803}.Debug|Any CPU.Build.0 = Debug|Any CPU
		{7C6DED4B-3F80-48E6-B879-DE1B09822803}.Release|Any CPU.ActiveCfg = Release|Any CPU
		{7C6DED4B-3F80-48E6-B879-DE1B09822803}.Release|Any CPU.Build.0 = Release|Any CPU
	EndGlobalSection
	GlobalSection(SolutionProperties) = preSolution
		HideSolutionNode = FALSE
	EndGlobalSection
	GlobalSection(ExtensibilityGlobals) = postSolution
		SolutionGuid = {917E3B09-1AD4-4773-8B4F-FC4F612D738C}
	EndGlobalSection
EndGlobal
